{
  "name": "pub",
  "lockfileVersion": 2,
  "requires": true,
  "packages": {
    "": {
      "license": "TBD",
      "dependencies": {
        "glo-pareto-common": "^0.24.0",
        "lib-fountain-pen": "^0.59.0",
        "lib-pareto-filesystem": "^0.39.0",
        "pareto-core-async": "^0.7.0",
        "pareto-core-data": "^0.2.3",
        "pareto-core-dev": "^0.2.3",
        "pareto-core-lib": "^0.21.2",
        "pareto-core-map": "^0.2.1",
        "pareto-core-state": "^0.15.3",
        "res-pareto-collation": "^0.29.0",
        "res-pareto-dictionary": "^0.4.0",
        "res-pareto-foreach": "^0.12.0",
        "res-pareto-main": "^0.27.0",
        "res-typescript": "^0.18.0"
      }
    },
    "node_modules/glo-pareto-common": {
      "version": "0.24.0",
      "resolved": "https://registry.npmjs.org/glo-pareto-common/-/glo-pareto-common-0.24.0.tgz",
      "integrity": "sha512-rTKwJdRgHjFlTgfrEGxGfYlFpuz82L2agVJGckvLZENFhDQcpsl9Z4N2tyA6EfU4qe6fgKFqx9BsDQYbhmzTEA==",
      "dependencies": {
        "pareto-core-types": "^0.12.0"
      }
    },
    "node_modules/lib-fountain-pen": {
      "version": "0.59.0",
      "resolved": "https://registry.npmjs.org/lib-fountain-pen/-/lib-fountain-pen-0.59.0.tgz",
      "integrity": "sha512-kCbC4Zs1rPmECnkRB8mO1cKR170K4wCv6ytU+IFzVfsEqCf4BO7jA0laag2r9471vDgQuAEjeqcF6eyg6sjeUQ==",
      "dependencies": {
        "glo-pareto-common": "^0.24.0",
        "lib-pareto-filesystem": "^0.39.0",
        "pareto-core-async": "^0.7.0",
        "pareto-core-data": "^0.2.3",
        "pareto-core-dev": "^0.2.3",
        "pareto-core-lib": "^0.21.2",
        "pareto-core-map": "^0.2.1",
        "pareto-core-state": "^0.15.3",
        "res-pareto-tostring": "^0.28.0"
      }
    },
    "node_modules/lib-pareto-filesystem": {
      "version": "0.39.0",
      "resolved": "https://registry.npmjs.org/lib-pareto-filesystem/-/lib-pareto-filesystem-0.39.0.tgz",
      "integrity": "sha512-CKrXcG/nQ0Lg1WnlnrEp8TnRLt9y4pj2Unj+xRcQT1dEvUuIQH0ewjURVZPtFnRfWYVI0/nM27BaLzL6cLSzWg==",
      "dependencies": {
        "pareto-core-async": "^0.7.0",
        "pareto-core-data": "^0.2.3",
        "pareto-core-dev": "^0.2.3",
        "pareto-core-lib": "^0.21.2",
        "pareto-core-map": "^0.2.1",
        "pareto-core-state": "^0.15.3",
        "res-pareto-filesystem": "^0.56.0"
      }
    },
    "node_modules/pareto-core-async": {
      "version": "0.7.0",
      "resolved": "https://registry.npmjs.org/pareto-core-async/-/pareto-core-async-0.7.0.tgz",
      "integrity": "sha512-9vAAlsbSwNbH47j7bQER0Nys5mKtNEDuRplWcvq9hphzazSE2JVtQLBBKXzNAoQtbJfV97+49xeZscl85UApiQ==",
      "dependencies": {
        "pareto-core-internals": "^0.13.0"
      }
    },
    "node_modules/pareto-core-data": {
      "version": "0.2.3",
      "resolved": "https://registry.npmjs.org/pareto-core-data/-/pareto-core-data-0.2.3.tgz",
      "integrity": "sha512-AS3aAVJ1m9YyzawBRnFH7pIWbNoGhvDxH5SXSNCPem230Z3LFZNOGaxBp94DgpOiU/kAK0j0DqdJQWTzBBo+fg==",
      "dependencies": {
        "pareto-core-internals": "^0.13.0"
      }
    },
    "node_modules/pareto-core-dev": {
      "version": "0.2.3",
      "resolved": "https://registry.npmjs.org/pareto-core-dev/-/pareto-core-dev-0.2.3.tgz",
      "integrity": "sha512-WlC4enJDbk3exQh2XbGgukDSmve60oxM6f4lkJNDwFHsNAYfz5Od343nbEkiwVkE9UpzSS/bxnDzOa+SsAPc6A==",
      "dependencies": {
        "pareto-core-internals": "^0.13.0"
      }
    },
    "node_modules/pareto-core-internals": {
      "version": "0.13.2",
      "resolved": "https://registry.npmjs.org/pareto-core-internals/-/pareto-core-internals-0.13.2.tgz",
      "integrity": "sha512-p+Xbd9aKGWr6tvpHnIV/uWHc8LEh62njaQClr8plM1G99rF14KXW2bVYNTlJXDJZ9HKuBY1I+zHDfa2pxoH/1w==",
      "dependencies": {
        "pareto-core-types": "^0.12.0"
      }
    },
    "node_modules/pareto-core-lib": {
      "version": "0.21.2",
      "resolved": "https://registry.npmjs.org/pareto-core-lib/-/pareto-core-lib-0.21.2.tgz",
      "integrity": "sha512-hCLtb1R7NYSSTxBs3H8XucdKjx6+egTudJ9jPMPYEUoBoOAAEM2wsZWEQLupPoBQf/v3uekpnwjq2wvn/4hpvA==",
      "dependencies": {
        "pareto-core-internals": "^0.13.0"
      }
    },
    "node_modules/pareto-core-map": {
      "version": "0.2.1",
      "resolved": "https://registry.npmjs.org/pareto-core-map/-/pareto-core-map-0.2.1.tgz",
      "integrity": "sha512-oKWbuI0UINIqtY8MBpisenO/76y4fjACWRBkrf8JwN4adMhN4udlHhrlI16OwHLnNGVcDVYSQ1zzD8aoY/8LmQ==",
      "dependencies": {
        "pareto-core-internals": "^0.13.0"
      }
    },
    "node_modules/pareto-core-state": {
      "version": "0.15.3",
      "resolved": "https://registry.npmjs.org/pareto-core-state/-/pareto-core-state-0.15.3.tgz",
      "integrity": "sha512-WOMsHbjC5TtK0EauY9fFFO0SUnOPpfVPKJEU02unNkpY+gftsmrVaStz9T01ZpyvHVbPwcrVgAy3J1slFtrOvw==",
      "dependencies": {
        "pareto-core-internals": "^0.13.0"
      }
    },
    "node_modules/pareto-core-types": {
      "version": "0.12.0",
      "resolved": "https://registry.npmjs.org/pareto-core-types/-/pareto-core-types-0.12.0.tgz",
      "integrity": "sha512-cxQ3sI0kJby0o1xM6C6lMl2VFrK1cTTjMF3sSEKW9i3S1xJEnmXybh1oE4+tdIsQmQysDAGOZ0Awi/gzzjnJHw=="
    },
    "node_modules/res-pareto-collation": {
      "version": "0.29.0",
      "resolved": "https://registry.npmjs.org/res-pareto-collation/-/res-pareto-collation-0.29.0.tgz",
      "integrity": "sha512-D1Nj2mA2gvxYWObMdjJ6cAGVrVrhz/bkGBJTtk7JHFQn2r2cszafizTgBD7hxLR/bLhEZiQoRYw0335wZxDUUQ==",
      "dependencies": {
        "glo-pareto-common": "^0.24.0",
        "pareto-core-internals": "^0.13.2"
      }
    },
    "node_modules/res-pareto-dictionary": {
      "version": "0.4.0",
      "resolved": "https://registry.npmjs.org/res-pareto-dictionary/-/res-pareto-dictionary-0.4.0.tgz",
      "integrity": "sha512-+7tkiuVV7aEo1SvBUltz09a9lMCe9QEIk9IKpL+cptLgsVXspudyy8FXaAgv4qGSSs3b91e8x5Th8ipNzxOspg==",
      "dependencies": {
        "glo-pareto-common": "^0.23.0",
        "pareto-core-internals": "^0.13.2"
      }
    },
    "node_modules/res-pareto-dictionary/node_modules/glo-pareto-common": {
      "version": "0.23.0",
      "resolved": "https://registry.npmjs.org/glo-pareto-common/-/glo-pareto-common-0.23.0.tgz",
      "integrity": "sha512-1Dbm9/+jQczGspO2x+VpP2sAepdcNDE0UtZfCDWCdJno55c2q9DXW7QRs4qQ4qlLNfLF3lpzC/WpCKW7963ORw==",
      "dependencies": {
        "pareto-core-types": "^0.12.0"
      }
    },
    "node_modules/res-pareto-filesystem": {
      "version": "0.56.0",
      "resolved": "https://registry.npmjs.org/res-pareto-filesystem/-/res-pareto-filesystem-0.56.0.tgz",
      "integrity": "sha512-auW3yMWaoEwE4uGj6O+ow3YS23idLKto20aTLjIXZxJnefVb6EsYmV/zN7gwxd9xHHQnr9jWVgHQagdwfcpt3A==",
      "dependencies": {
        "glo-pareto-common": "^0.24.0",
        "pareto-core-internals": "^0.13.2"
      }
    },
    "node_modules/res-pareto-foreach": {
      "version": "0.12.0",
      "resolved": "https://registry.npmjs.org/res-pareto-foreach/-/res-pareto-foreach-0.12.0.tgz",
      "integrity": "sha512-rRtmUwCUSzYoVwU8K0Pdsj+qKUoK5acbkqX9+FRjAHPfJpVdryILs2nPWnM1pk2N7VtWpdpuiebrv/PecOmIfA==",
      "dependencies": {
        "pareto-core-internals": "^0.13.2",
        "res-pareto-collation": "^0.29.0"
      }
    },
    "node_modules/res-pareto-main": {
      "version": "0.27.0",
      "resolved": "https://registry.npmjs.org/res-pareto-main/-/res-pareto-main-0.27.0.tgz",
      "integrity": "sha512-OMMr/hBIIdXTDtnUa3H7B7O8J8lTw4g8uJDOz7EBBYaVMAVsko9Lx/fMCKMNlAfFFW7z0Z7xq79E1J2l1oEjRg==",
      "dependencies": {
        "glo-pareto-common": "^0.24.0",
        "pareto-core-internals": "^0.13.2"
      }
    },
    "node_modules/res-pareto-tostring": {
      "version": "0.28.0",
      "resolved": "https://registry.npmjs.org/res-pareto-tostring/-/res-pareto-tostring-0.28.0.tgz",
      "integrity": "sha512-xy9dNjj0j7yJDX70YkUYrS+Lqc5fGqNpCgfuly0dzAPikDylDpScyeQuVjTnph2VKsqRrRZZvuh3jrYJHKoDkQ==",
      "dependencies": {
        "glo-pareto-common": "^0.24.0",
        "pareto-core-internals": "^0.13.2"
      }
    },
    "node_modules/res-typescript": {
      "version": "0.18.0",
      "resolved": "https://registry.npmjs.org/res-typescript/-/res-typescript-0.18.0.tgz",
      "integrity": "sha512-6NuuvTv2hsku+ZzgYMhJRKNMferypQ7F8UL9t0O88G4o9rrFTg0+9dsXJeuUGBSCJ/xOzYQM2DJgxdnyifbMZg==",
      "dependencies": {
        "glo-pareto-common": "^0.24.0",
        "pareto-core-internals": "^0.13.2"
      }
    }
  },
  "dependencies": {
    "glo-pareto-common": {
      "version": "0.24.0",
      "resolved": "https://registry.npmjs.org/glo-pareto-common/-/glo-pareto-common-0.24.0.tgz",
      "integrity": "sha512-rTKwJdRgHjFlTgfrEGxGfYlFpuz82L2agVJGckvLZENFhDQcpsl9Z4N2tyA6EfU4qe6fgKFqx9BsDQYbhmzTEA==",
      "requires": {
        "pareto-core-types": "^0.12.0"
      }
    },
    "lib-fountain-pen": {
      "version": "0.59.0",
      "resolved": "https://registry.npmjs.org/lib-fountain-pen/-/lib-fountain-pen-0.59.0.tgz",
      "integrity": "sha512-kCbC4Zs1rPmECnkRB8mO1cKR170K4wCv6ytU+IFzVfsEqCf4BO7jA0laag2r9471vDgQuAEjeqcF6eyg6sjeUQ==",
      "requires": {
        "glo-pareto-common": "^0.24.0",
        "lib-pareto-filesystem": "^0.39.0",
        "pareto-core-async": "^0.7.0",
        "pareto-core-data": "^0.2.3",
        "pareto-core-dev": "^0.2.3",
        "pareto-core-lib": "^0.21.2",
        "pareto-core-map": "^0.2.1",
        "pareto-core-state": "^0.15.3",
        "res-pareto-tostring": "^0.28.0"
      }
    },
    "lib-pareto-filesystem": {
      "version": "0.39.0",
      "resolved": "https://registry.npmjs.org/lib-pareto-filesystem/-/lib-pareto-filesystem-0.39.0.tgz",
      "integrity": "sha512-CKrXcG/nQ0Lg1WnlnrEp8TnRLt9y4pj2Unj+xRcQT1dEvUuIQH0ewjURVZPtFnRfWYVI0/nM27BaLzL6cLSzWg==",
      "requires": {
        "pareto-core-async": "^0.7.0",
        "pareto-core-data": "^0.2.3",
        "pareto-core-dev": "^0.2.3",
        "pareto-core-lib": "^0.21.2",
        "pareto-core-map": "^0.2.1",
        "pareto-core-state": "^0.15.3",
        "res-pareto-filesystem": "^0.56.0"
      }
    },
    "pareto-core-async": {
      "version": "0.7.0",
      "resolved": "https://registry.npmjs.org/pareto-core-async/-/pareto-core-async-0.7.0.tgz",
      "integrity": "sha512-9vAAlsbSwNbH47j7bQER0Nys5mKtNEDuRplWcvq9hphzazSE2JVtQLBBKXzNAoQtbJfV97+49xeZscl85UApiQ==",
      "requires": {
        "pareto-core-internals": "^0.13.0"
      }
    },
    "pareto-core-data": {
      "version": "0.2.3",
      "resolved": "https://registry.npmjs.org/pareto-core-data/-/pareto-core-data-0.2.3.tgz",
      "integrity": "sha512-AS3aAVJ1m9YyzawBRnFH7pIWbNoGhvDxH5SXSNCPem230Z3LFZNOGaxBp94DgpOiU/kAK0j0DqdJQWTzBBo+fg==",
      "requires": {
        "pareto-core-internals": "^0.13.0"
      }
    },
    "pareto-core-dev": {
      "version": "0.2.3",
      "resolved": "https://registry.npmjs.org/pareto-core-dev/-/pareto-core-dev-0.2.3.tgz",
      "integrity": "sha512-WlC4enJDbk3exQh2XbGgukDSmve60oxM6f4lkJNDwFHsNAYfz5Od343nbEkiwVkE9UpzSS/bxnDzOa+SsAPc6A==",
      "requires": {
        "pareto-core-internals": "^0.13.0"
      }
    },
    "pareto-core-internals": {
      "version": "0.13.2",
      "resolved": "https://registry.npmjs.org/pareto-core-internals/-/pareto-core-internals-0.13.2.tgz",
      "integrity": "sha512-p+Xbd9aKGWr6tvpHnIV/uWHc8LEh62njaQClr8plM1G99rF14KXW2bVYNTlJXDJZ9HKuBY1I+zHDfa2pxoH/1w==",
      "requires": {
        "pareto-core-types": "^0.12.0"
      }
    },
    "pareto-core-lib": {
      "version": "0.21.2",
      "resolved": "https://registry.npmjs.org/pareto-core-lib/-/pareto-core-lib-0.21.2.tgz",
      "integrity": "sha512-hCLtb1R7NYSSTxBs3H8XucdKjx6+egTudJ9jPMPYEUoBoOAAEM2wsZWEQLupPoBQf/v3uekpnwjq2wvn/4hpvA==",
      "requires": {
        "pareto-core-internals": "^0.13.0"
      }
    },
    "pareto-core-map": {
      "version": "0.2.1",
      "resolved": "https://registry.npmjs.org/pareto-core-map/-/pareto-core-map-0.2.1.tgz",
      "integrity": "sha512-oKWbuI0UINIqtY8MBpisenO/76y4fjACWRBkrf8JwN4adMhN4udlHhrlI16OwHLnNGVcDVYSQ1zzD8aoY/8LmQ==",
      "requires": {
        "pareto-core-internals": "^0.13.0"
      }
    },
    "pareto-core-state": {
      "version": "0.15.3",
      "resolved": "https://registry.npmjs.org/pareto-core-state/-/pareto-core-state-0.15.3.tgz",
      "integrity": "sha512-WOMsHbjC5TtK0EauY9fFFO0SUnOPpfVPKJEU02unNkpY+gftsmrVaStz9T01ZpyvHVbPwcrVgAy3J1slFtrOvw==",
      "requires": {
        "pareto-core-internals": "^0.13.0"
      }
    },
    "pareto-core-types": {
      "version": "0.12.0",
      "resolved": "https://registry.npmjs.org/pareto-core-types/-/pareto-core-types-0.12.0.tgz",
      "integrity": "sha512-cxQ3sI0kJby0o1xM6C6lMl2VFrK1cTTjMF3sSEKW9i3S1xJEnmXybh1oE4+tdIsQmQysDAGOZ0Awi/gzzjnJHw=="
    },
    "res-pareto-collation": {
      "version": "0.29.0",
      "resolved": "https://registry.npmjs.org/res-pareto-collation/-/res-pareto-collation-0.29.0.tgz",
      "integrity": "sha512-D1Nj2mA2gvxYWObMdjJ6cAGVrVrhz/bkGBJTtk7JHFQn2r2cszafizTgBD7hxLR/bLhEZiQoRYw0335wZxDUUQ==",
      "requires": {
        "glo-pareto-common": "^0.24.0",
        "pareto-core-internals": "^0.13.2"
      }
    },
    "res-pareto-dictionary": {
      "version": "0.4.0",
      "resolved": "https://registry.npmjs.org/res-pareto-dictionary/-/res-pareto-dictionary-0.4.0.tgz",
      "integrity": "sha512-+7tkiuVV7aEo1SvBUltz09a9lMCe9QEIk9IKpL+cptLgsVXspudyy8FXaAgv4qGSSs3b91e8x5Th8ipNzxOspg==",
      "requires": {
        "glo-pareto-common": "^0.23.0",
        "pareto-core-internals": "^0.13.2"
      },
      "dependencies": {
        "glo-pareto-common": {
          "version": "0.23.0",
          "resolved": "https://registry.npmjs.org/glo-pareto-common/-/glo-pareto-common-0.23.0.tgz",
          "integrity": "sha512-1Dbm9/+jQczGspO2x+VpP2sAepdcNDE0UtZfCDWCdJno55c2q9DXW7QRs4qQ4qlLNfLF3lpzC/WpCKW7963ORw==",
          "requires": {
            "pareto-core-types": "^0.12.0"
          }
        }
      }
    },
    "res-pareto-filesystem": {
      "version": "0.56.0",
      "resolved": "https://registry.npmjs.org/res-pareto-filesystem/-/res-pareto-filesystem-0.56.0.tgz",
      "integrity": "sha512-auW3yMWaoEwE4uGj6O+ow3YS23idLKto20aTLjIXZxJnefVb6EsYmV/zN7gwxd9xHHQnr9jWVgHQagdwfcpt3A==",
      "requires": {
        "glo-pareto-common": "^0.24.0",
        "pareto-core-internals": "^0.13.2"
      }
    },
    "res-pareto-foreach": {
      "version": "0.12.0",
      "resolved": "https://registry.npmjs.org/res-pareto-foreach/-/res-pareto-foreach-0.12.0.tgz",
      "integrity": "sha512-rRtmUwCUSzYoVwU8K0Pdsj+qKUoK5acbkqX9+FRjAHPfJpVdryILs2nPWnM1pk2N7VtWpdpuiebrv/PecOmIfA==",
      "requires": {
        "pareto-core-internals": "^0.13.2",
        "res-pareto-collation": "^0.29.0"
      }
    },
    "res-pareto-main": {
      "version": "0.27.0",
      "resolved": "https://registry.npmjs.org/res-pareto-main/-/res-pareto-main-0.27.0.tgz",
      "integrity": "sha512-OMMr/hBIIdXTDtnUa3H7B7O8J8lTw4g8uJDOz7EBBYaVMAVsko9Lx/fMCKMNlAfFFW7z0Z7xq79E1J2l1oEjRg==",
      "requires": {
        "glo-pareto-common": "^0.24.0",
        "pareto-core-internals": "^0.13.2"
      }
    },
    "res-pareto-tostring": {
      "version": "0.28.0",
      "resolved": "https://registry.npmjs.org/res-pareto-tostring/-/res-pareto-tostring-0.28.0.tgz",
      "integrity": "sha512-xy9dNjj0j7yJDX70YkUYrS+Lqc5fGqNpCgfuly0dzAPikDylDpScyeQuVjTnph2VKsqRrRZZvuh3jrYJHKoDkQ==",
      "requires": {
        "glo-pareto-common": "^0.24.0",
        "pareto-core-internals": "^0.13.2"
      }
    },
    "res-typescript": {
      "version": "0.18.0",
      "resolved": "https://registry.npmjs.org/res-typescript/-/res-typescript-0.18.0.tgz",
      "integrity": "sha512-6NuuvTv2hsku+ZzgYMhJRKNMferypQ7F8UL9t0O88G4o9rrFTg0+9dsXJeuUGBSCJ/xOzYQM2DJgxdnyifbMZg==",
      "requires": {
        "glo-pareto-common": "^0.24.0",
        "pareto-core-internals": "^0.13.2"
      }
    }
  }
}
